github.com/brianvoe/gofakeit v2.2.0+incompatible h1:e8fOyAbbDOa8kO6W+xn2TQnLPqew1BBVAzozrge7b4I=
github.com/brianvoe/gofakeit v2.2.0+incompatible/go.mod h1:kfwdRA90vvNhPutZWfH7WPaDzUjz+CZFqG+rPkOjGOc=
github.com/emersion/go-autostart v0.0.0-20210130080809-00ed301c8e9a h1:M88ob4TyDnEqNuL3PgsE/p3bDujfspnulR+0dQWNYZs=
github.com/emersion/go-autostart v0.0.0-20210130080809-00ed301c8e9a/go.mod h1:buzQsO8HHkZX2Q45fdfGH1xejPjuDQaXH8btcYMFzPM=
github.com/robotn/gohook v0.41.0 h1:h1vK3w/UQpq0YkIiGnxm9Awv85W54esL0/NUYGueggo=
github.com/robotn/gohook v0.41.0/go.mod h1:FedpuAkVqzM5t67L5fcf3hSSCUDO9cM5YkWCw1U+nuc=
github.com/vcaesar/keycode v0.10.1 h1:0DesGmMAPWpYTCYddOFiCMKCDKgNnwiQa2QXindVUHw=
github.com/vcaesar/keycode v0.10.1/go.mod h1:JNlY7xbKsh+LAGfY2j4M3znVrGEm5W1R8s/Uv6BJcfQ=
github.com/vcaesar/tt v0.20.0 h1:9t2Ycb9RNHcP0WgQgIaRKJBB+FrRdejuaL6uWIHuoBA=
github.com/vcaesar/tt v0.20.0/go.mod h1:GHPxQYhn+7OgKakRusH7KJ0M5MhywoeLb8Fcffs/Gtg=
